
Microsoft Visual Studio Solution File, Format Version 12.00
# Visual Studio Version 17
VisualStudioVersion = 17.4.33205.214
MinimumVisualStudioVersion = 10.0.40219.1
Project("{8BC9CEB8-8B4A-11D0-8D11-00A0C91BC942}") = "MyChess", "MyChess\MyChess.vcxproj", "{029EDEE6-0324-4BB0-A461-5258E8A9A26F}"
EndProject
Global
	GlobalSection(SolutionConfigurationPlatforms) = preSolution
		Debug|x64 = Debug|x64
		Debug|x86 = Debug|x86
		Release|x64 = Release|x64
		Release|x86 = Release|x86
	EndGlobalSection
	GlobalSection(ProjectConfigurationPlatforms) = postSolution
		{029EDEE6-0324-4BB0-A461-5258E8A9A26F}.Debug|x64.ActiveCfg = Debug|x64
		{029EDEE6-0324-4BB0-A461-5258E8A9A26F}.Debug|x64.Build.0 = Debug|x64
		{029EDEE6-0324-4BB0-A461-5258E8A9A26F}.Debug|x86.ActiveCfg = Debug|Win32
		{029EDEE6-0324-4BB0-A461-5258E8A9A26F}.Debug|x86.Build.0 = Debug|Win32
		{029EDEE6-0324-4BB0-A461-5258E8A9A26F}.Release|x64.ActiveCfg = Release|x64
		{029EDEE6-0324-4BB0-A461-5258E8A9A26F}.Release|x64.Build.0 = Release|x64
		{029EDEE6-0324-4BB0-A461-5258E8A9A26F}.Release|x86.ActiveCfg = Release|Win32
		{029EDEE6-0324-4BB0-A461-5258E8A9A26F}.Release|x86.Build.0 = Release|Win32
	EndGlobalSection
	GlobalSection(SolutionProperties) = preSolution
		HideSolutionNode = FALSE
	EndGlobalSection
	GlobalSection(ExtensibilityGlobals) = postSolution
		SolutionGuid = {BE4F0E1E-3A57-4D8F-BFDA-E9E4B9AC65D7}
	EndGlobalSection
EndGlobal
